// !$*UTF8*$!
{
	archiveVersion = 1;
	classes = {
	};
	objectVersion = 50;
	objects = {

/* Begin PBXBuildFile section */
		BD005C522536C87900116FC6 /* SearchManager.swift in Sources */ = {isa = PBXBuildFile; fileRef = BD005C512536C87900116FC6 /* SearchManager.swift */; };
		BD005C572536C8E900116FC6 /* SearchManager.swift in Sources */ = {isa = PBXBuildFile; fileRef = BD005C512536C87900116FC6 /* SearchManager.swift */; };
		BD027CC42544F25400DDBE88 /* Assets.xcassets in Resources */ = {isa = PBXBuildFile; fileRef = BDBECCD82521A63600F176A3 /* Assets.xcassets */; };
		BD027CC82544F29600DDBE88 /* Colors.swift in Sources */ = {isa = PBXBuildFile; fileRef = BD027CC72544F29600DDBE88 /* Colors.swift */; };
		BD027CCC2544F30A00DDBE88 /* BackgroundView.swift in Sources */ = {isa = PBXBuildFile; fileRef = BD027CCB2544F30A00DDBE88 /* BackgroundView.swift */; };
		BD027CCF2544F32E00DDBE88 /* Colors.swift in Sources */ = {isa = PBXBuildFile; fileRef = BD027CC72544F29600DDBE88 /* Colors.swift */; };
		BD027CD22544F33300DDBE88 /* BackgroundView.swift in Sources */ = {isa = PBXBuildFile; fileRef = BD027CCB2544F30A00DDBE88 /* BackgroundView.swift */; };
		BD027CE42544F93C00DDBE88 /* HourlyResponse.swift in Sources */ = {isa = PBXBuildFile; fileRef = BD027CE32544F93C00DDBE88 /* HourlyResponse.swift */; };
		BD027CF32544F9AF00DDBE88 /* HourlyResponse.swift in Sources */ = {isa = PBXBuildFile; fileRef = BD027CE32544F93C00DDBE88 /* HourlyResponse.swift */; };
		BD027CF72544FCED00DDBE88 /* View+ScaledFont.swift in Sources */ = {isa = PBXBuildFile; fileRef = BD027CF62544FCED00DDBE88 /* View+ScaledFont.swift */; };
		BD027CFA2544FD0F00DDBE88 /* View+ScaledFont.swift in Sources */ = {isa = PBXBuildFile; fileRef = BD027CF62544FCED00DDBE88 /* View+ScaledFont.swift */; };
		BD027D002545023400DDBE88 /* BackgroundViewModel.swift in Sources */ = {isa = PBXBuildFile; fileRef = BD027CFF2545023300DDBE88 /* BackgroundViewModel.swift */; };
		BD027D012545023400DDBE88 /* BackgroundViewModel.swift in Sources */ = {isa = PBXBuildFile; fileRef = BD027CFF2545023300DDBE88 /* BackgroundViewModel.swift */; };
		BD027D0525451B3000DDBE88 /* DyanamicLocation.intentdefinition in Sources */ = {isa = PBXBuildFile; fileRef = BD027D0425451B3000DDBE88 /* DyanamicLocation.intentdefinition */; };
		BD027D9025451F0E00DDBE88 /* IntentHandler.swift in Sources */ = {isa = PBXBuildFile; fileRef = BD027D8F25451F0E00DDBE88 /* IntentHandler.swift */; };
		BD027D9425451F0E00DDBE88 /* WeatherIntentHandler.appex in Embed App Extensions */ = {isa = PBXBuildFile; fileRef = BD027D8D25451F0E00DDBE88 /* WeatherIntentHandler.appex */; settings = {ATTRIBUTES = (RemoveHeadersOnCopy, ); }; };
		BD027DA925451FFA00DDBE88 /* UserInfo.swift in Sources */ = {isa = PBXBuildFile; fileRef = BDAC53D92523A4D600BBD68D /* UserInfo.swift */; };
		BD2EF79E2545449F00DA37DE /* DyanamicLocation.intentdefinition in Sources */ = {isa = PBXBuildFile; fileRef = BD027D0425451B3000DDBE88 /* DyanamicLocation.intentdefinition */; };
		BD2EF7A2254544A900DA37DE /* DyanamicLocation.intentdefinition in Sources */ = {isa = PBXBuildFile; fileRef = BD027D0425451B3000DDBE88 /* DyanamicLocation.intentdefinition */; };
		BD3C6E482545216700953910 /* IntentHandler.swift in Sources */ = {isa = PBXBuildFile; fileRef = BD027D8F25451F0E00DDBE88 /* IntentHandler.swift */; };
		BD3C6E4C2545216800953910 /* IntentHandler.swift in Sources */ = {isa = PBXBuildFile; fileRef = BD027D8F25451F0E00DDBE88 /* IntentHandler.swift */; };
		BD6859542527A1170062ADCC /* CurrentView.swift in Sources */ = {isa = PBXBuildFile; fileRef = BD6859532527A1170062ADCC /* CurrentView.swift */; };
		BD777B4F2536CE870091D215 /* CurrentRespons.swift in Sources */ = {isa = PBXBuildFile; fileRef = BD777B4E2536CE870091D215 /* CurrentRespons.swift */; };
		BD777B532536CE9B0091D215 /* WeatherModel.swift in Sources */ = {isa = PBXBuildFile; fileRef = BD777B522536CE9B0091D215 /* WeatherModel.swift */; };
		BD777B572536CEA80091D215 /* DailyResponse.swift in Sources */ = {isa = PBXBuildFile; fileRef = BD777B562536CEA80091D215 /* DailyResponse.swift */; };
		BD777B5B2536CEB60091D215 /* TemperatureModel.swift in Sources */ = {isa = PBXBuildFile; fileRef = BD777B5A2536CEB60091D215 /* TemperatureModel.swift */; };
		BD777B5E2536CEC40091D215 /* WeatherModel.swift in Sources */ = {isa = PBXBuildFile; fileRef = BD777B522536CE9B0091D215 /* WeatherModel.swift */; };
		BD777B5F2536CEC40091D215 /* TemperatureModel.swift in Sources */ = {isa = PBXBuildFile; fileRef = BD777B5A2536CEB60091D215 /* TemperatureModel.swift */; };
		BD777B602536CEC40091D215 /* DailyResponse.swift in Sources */ = {isa = PBXBuildFile; fileRef = BD777B562536CEA80091D215 /* DailyResponse.swift */; };
		BD777B612536CEC40091D215 /* CurrentRespons.swift in Sources */ = {isa = PBXBuildFile; fileRef = BD777B4E2536CE870091D215 /* CurrentRespons.swift */; };
		BDA1DB792544B407009E8391 /* CurrentViewModel.swift in Sources */ = {isa = PBXBuildFile; fileRef = BDA1DB782544B407009E8391 /* CurrentViewModel.swift */; };
		BDA1DB832544B50E009E8391 /* HeaderView.swift in Sources */ = {isa = PBXBuildFile; fileRef = BDA1DB822544B50E009E8391 /* HeaderView.swift */; };
		BDA1DB882544B552009E8391 /* HeaderView.swift in Sources */ = {isa = PBXBuildFile; fileRef = BDA1DB822544B50E009E8391 /* HeaderView.swift */; };
		BDA1DB8C2544BA10009E8391 /* String+Icon.swift in Sources */ = {isa = PBXBuildFile; fileRef = BDA1DB8B2544BA0F009E8391 /* String+Icon.swift */; };
		BDA1DB8F2544BA73009E8391 /* CurrentViewModel.swift in Sources */ = {isa = PBXBuildFile; fileRef = BDA1DB782544B407009E8391 /* CurrentViewModel.swift */; };
		BDA1DB922544BA97009E8391 /* String+Icon.swift in Sources */ = {isa = PBXBuildFile; fileRef = BDA1DB8B2544BA0F009E8391 /* String+Icon.swift */; };
		BDA1DB9A2544BC78009E8391 /* HourlyViewModel.swift in Sources */ = {isa = PBXBuildFile; fileRef = BDA1DB992544BC78009E8391 /* HourlyViewModel.swift */; };
		BDA1DB9D2544BC7C009E8391 /* HourlyViewModel.swift in Sources */ = {isa = PBXBuildFile; fileRef = BDA1DB992544BC78009E8391 /* HourlyViewModel.swift */; };
		BDAC53CD2522B3CE00BBD68D /* HourlyView.swift in Sources */ = {isa = PBXBuildFile; fileRef = BDAC53CC2522B3CE00BBD68D /* HourlyView.swift */; };
		BDAC53D12522B64A00BBD68D /* DailyView.swift in Sources */ = {isa = PBXBuildFile; fileRef = BDAC53D02522B64A00BBD68D /* DailyView.swift */; };
		BDAC53D42522EB6000BBD68D /* ConditionalModifier.swift in Sources */ = {isa = PBXBuildFile; fileRef = BDAC53D32522EB6000BBD68D /* ConditionalModifier.swift */; };
		BDAC53D72523A1ED00BBD68D /* SearchView.swift in Sources */ = {isa = PBXBuildFile; fileRef = BDAC53D62523A1ED00BBD68D /* SearchView.swift */; };
		BDAC53DA2523A4D600BBD68D /* UserInfo.swift in Sources */ = {isa = PBXBuildFile; fileRef = BDAC53D92523A4D600BBD68D /* UserInfo.swift */; };
		BDAC540F2524178500BBD68D /* WidgetKit.framework in Frameworks */ = {isa = PBXBuildFile; fileRef = BDAC540E2524178500BBD68D /* WidgetKit.framework */; };
		BDAC54112524178500BBD68D /* SwiftUI.framework in Frameworks */ = {isa = PBXBuildFile; fileRef = BDAC54102524178500BBD68D /* SwiftUI.framework */; };
		BDAC54142524178500BBD68D /* WeatherWidget.swift in Sources */ = {isa = PBXBuildFile; fileRef = BDAC54132524178500BBD68D /* WeatherWidget.swift */; };
		BDAC54172524178A00BBD68D /* Assets.xcassets in Resources */ = {isa = PBXBuildFile; fileRef = BDAC54162524178A00BBD68D /* Assets.xcassets */; };
		BDAC54192524178A00BBD68D /* WeatherWidget.intentdefinition in Sources */ = {isa = PBXBuildFile; fileRef = BDAC54152524178500BBD68D /* WeatherWidget.intentdefinition */; };
		BDAC541A2524178A00BBD68D /* WeatherWidget.intentdefinition in Sources */ = {isa = PBXBuildFile; fileRef = BDAC54152524178500BBD68D /* WeatherWidget.intentdefinition */; };
		BDAC541D2524178A00BBD68D /* WeatherWidgetExtension.appex in Embed App Extensions */ = {isa = PBXBuildFile; fileRef = BDAC540C2524178500BBD68D /* WeatherWidgetExtension.appex */; settings = {ATTRIBUTES = (RemoveHeadersOnCopy, ); }; };
		BDAC54252524180A00BBD68D /* WidgetView.swift in Sources */ = {isa = PBXBuildFile; fileRef = BDAC54242524180A00BBD68D /* WidgetView.swift */; };
		BDAC54282524198800BBD68D /* WidgetView.swift in Sources */ = {isa = PBXBuildFile; fileRef = BDAC54242524180A00BBD68D /* WidgetView.swift */; };
		BDAC542B2524199C00BBD68D /* WeatherPublisher.swift in Sources */ = {isa = PBXBuildFile; fileRef = BDBECCE42521AAE100F176A3 /* WeatherPublisher.swift */; };
		BDAC542C2524199C00BBD68D /* HourlyView.swift in Sources */ = {isa = PBXBuildFile; fileRef = BDAC53CC2522B3CE00BBD68D /* HourlyView.swift */; };
		BDAC542D2524199C00BBD68D /* API.swift in Sources */ = {isa = PBXBuildFile; fileRef = BDBECCEA2521AB8A00F176A3 /* API.swift */; };
		BDAC542E2524199C00BBD68D /* UserInfo.swift in Sources */ = {isa = PBXBuildFile; fileRef = BDAC53D92523A4D600BBD68D /* UserInfo.swift */; };
		BDAC542F2524199C00BBD68D /* ConditionalModifier.swift in Sources */ = {isa = PBXBuildFile; fileRef = BDAC53D32522EB6000BBD68D /* ConditionalModifier.swift */; };
		BDAC54302524199C00BBD68D /* OneCallResponse.swift in Sources */ = {isa = PBXBuildFile; fileRef = BDBECCE72521AB4C00F176A3 /* OneCallResponse.swift */; };
		BDAC54312524199C00BBD68D /* WeatherView.swift in Sources */ = {isa = PBXBuildFile; fileRef = BDBECCD62521A63400F176A3 /* WeatherView.swift */; };
		BDAC54322524199C00BBD68D /* DailyView.swift in Sources */ = {isa = PBXBuildFile; fileRef = BDAC53D02522B64A00BBD68D /* DailyView.swift */; };
		BDAC54332524199C00BBD68D /* SearchView.swift in Sources */ = {isa = PBXBuildFile; fileRef = BDAC53D62523A1ED00BBD68D /* SearchView.swift */; };
		BDAC543725241ECA00BBD68D /* WidgetLocationManager.swift in Sources */ = {isa = PBXBuildFile; fileRef = BDAC543625241EC900BBD68D /* WidgetLocationManager.swift */; };
		BDAC543A25241EFB00BBD68D /* WidgetLocationManager.swift in Sources */ = {isa = PBXBuildFile; fileRef = BDAC543625241EC900BBD68D /* WidgetLocationManager.swift */; };
		BDBECCD52521A63400F176A3 /* WeatherApp.swift in Sources */ = {isa = PBXBuildFile; fileRef = BDBECCD42521A63400F176A3 /* WeatherApp.swift */; };
		BDBECCD72521A63400F176A3 /* WeatherView.swift in Sources */ = {isa = PBXBuildFile; fileRef = BDBECCD62521A63400F176A3 /* WeatherView.swift */; };
		BDBECCD92521A63600F176A3 /* Assets.xcassets in Resources */ = {isa = PBXBuildFile; fileRef = BDBECCD82521A63600F176A3 /* Assets.xcassets */; };
		BDBECCDC2521A63600F176A3 /* Preview Assets.xcassets in Resources */ = {isa = PBXBuildFile; fileRef = BDBECCDB2521A63600F176A3 /* Preview Assets.xcassets */; };
		BDBECCE52521AAE100F176A3 /* WeatherPublisher.swift in Sources */ = {isa = PBXBuildFile; fileRef = BDBECCE42521AAE100F176A3 /* WeatherPublisher.swift */; };
		BDBECCE82521AB4C00F176A3 /* OneCallResponse.swift in Sources */ = {isa = PBXBuildFile; fileRef = BDBECCE72521AB4C00F176A3 /* OneCallResponse.swift */; };
		BDBECCEB2521AB8A00F176A3 /* API.swift in Sources */ = {isa = PBXBuildFile; fileRef = BDBECCEA2521AB8A00F176A3 /* API.swift */; };
		BDE39A4025453AA00060D6C0 /* FileManager.swift in Sources */ = {isa = PBXBuildFile; fileRef = BDE39A3F25453AA00060D6C0 /* FileManager.swift */; };
		BDE39A4425453AB50060D6C0 /* FileManager.swift in Sources */ = {isa = PBXBuildFile; fileRef = BDE39A3F25453AA00060D6C0 /* FileManager.swift */; };
		BDE39A4825453AB50060D6C0 /* FileManager.swift in Sources */ = {isa = PBXBuildFile; fileRef = BDE39A3F25453AA00060D6C0 /* FileManager.swift */; };
		BDEB185A2544EC8F00B774D0 /* DailyViewModel.swift in Sources */ = {isa = PBXBuildFile; fileRef = BDEB18592544EC8F00B774D0 /* DailyViewModel.swift */; };
		BDEB185B2544EC8F00B774D0 /* DailyViewModel.swift in Sources */ = {isa = PBXBuildFile; fileRef = BDEB18592544EC8F00B774D0 /* DailyViewModel.swift */; };
		BDF07CDE252992660031F488 /* Overview.swift in Sources */ = {isa = PBXBuildFile; fileRef = BDF07CDD252992660031F488 /* Overview.swift */; };
		BDFD72E62529A1E1002391F8 /* Overview.swift in Sources */ = {isa = PBXBuildFile; fileRef = BDF07CDD252992660031F488 /* Overview.swift */; };
		BDFD72E92529A1E8002391F8 /* CurrentView.swift in Sources */ = {isa = PBXBuildFile; fileRef = BD6859532527A1170062ADCC /* CurrentView.swift */; };
		BDFD72ED2529A337002391F8 /* DetailLabelView.swift in Sources */ = {isa = PBXBuildFile; fileRef = BDFD72EC2529A337002391F8 /* DetailLabelView.swift */; };
/* End PBXBuildFile section */

/* Begin PBXContainerItemProxy section */
		BD027D9225451F0E00DDBE88 /* PBXContainerItemProxy */ = {
			isa = PBXContainerItemProxy;
			containerPortal = BDBECCC92521A63400F176A3 /* Project object */;
			proxyType = 1;
			remoteGlobalIDString = BD027D8C25451F0E00DDBE88;
			remoteInfo = WeatherIntentHandler;
		};
		BDAC541B2524178A00BBD68D /* PBXContainerItemProxy */ = {
			isa = PBXContainerItemProxy;
			containerPortal = BDBECCC92521A63400F176A3 /* Project object */;
			proxyType = 1;
			remoteGlobalIDString = BDAC540B2524178500BBD68D;
			remoteInfo = WeatherWidgetExtension;
		};
/* End PBXContainerItemProxy section */

/* Begin PBXCopyFilesBuildPhase section */
		BDAC54212524178A00BBD68D /* Embed App Extensions */ = {
			isa = PBXCopyFilesBuildPhase;
			buildActionMask = 2147483647;
			dstPath = "";
			dstSubfolderSpec = 13;
			files = (
				BD027D9425451F0E00DDBE88 /* WeatherIntentHandler.appex in Embed App Extensions */,
				BDAC541D2524178A00BBD68D /* WeatherWidgetExtension.appex in Embed App Extensions */,
			);
			name = "Embed App Extensions";
			runOnlyForDeploymentPostprocessing = 0;
		};
/* End PBXCopyFilesBuildPhase section */

/* Begin PBXFileReference section */
		BD005C512536C87900116FC6 /* SearchManager.swift */ = {isa = PBXFileReference; lastKnownFileType = sourcecode.swift; path = SearchManager.swift; sourceTree = "<group>"; };
		BD027CC72544F29600DDBE88 /* Colors.swift */ = {isa = PBXFileReference; lastKnownFileType = sourcecode.swift; path = Colors.swift; sourceTree = "<group>"; };
		BD027CCB2544F30A00DDBE88 /* BackgroundView.swift */ = {isa = PBXFileReference; lastKnownFileType = sourcecode.swift; path = BackgroundView.swift; sourceTree = "<group>"; };
		BD027CD72544F43500DDBE88 /* Weather.entitlements */ = {isa = PBXFileReference; lastKnownFileType = text.plist.entitlements; path = Weather.entitlements; sourceTree = "<group>"; };
		BD027CDA2544F44E00DDBE88 /* WeatherWidgetExtension.entitlements */ = {isa = PBXFileReference; lastKnownFileType = text.plist.entitlements; path = WeatherWidgetExtension.entitlements; sourceTree = "<group>"; };
		BD027CE32544F93C00DDBE88 /* HourlyResponse.swift */ = {isa = PBXFileReference; lastKnownFileType = sourcecode.swift; path = HourlyResponse.swift; sourceTree = "<group>"; };
		BD027CF62544FCED00DDBE88 /* View+ScaledFont.swift */ = {isa = PBXFileReference; lastKnownFileType = sourcecode.swift; path = "View+ScaledFont.swift"; sourceTree = "<group>"; };
		BD027CFF2545023300DDBE88 /* BackgroundViewModel.swift */ = {isa = PBXFileReference; lastKnownFileType = sourcecode.swift; path = BackgroundViewModel.swift; sourceTree = "<group>"; };
		BD027D0425451B3000DDBE88 /* DyanamicLocation.intentdefinition */ = {isa = PBXFileReference; lastKnownFileType = file.intentdefinition; path = DyanamicLocation.intentdefinition; sourceTree = "<group>"; };
		BD027D1B25451C7C00DDBE88 /* IntentsUI.framework */ = {isa = PBXFileReference; lastKnownFileType = wrapper.framework; name = IntentsUI.framework; path = System/Library/Frameworks/IntentsUI.framework; sourceTree = SDKROOT; };
		BD027D8D25451F0E00DDBE88 /* WeatherIntentHandler.appex */ = {isa = PBXFileReference; explicitFileType = "wrapper.app-extension"; includeInIndex = 0; path = WeatherIntentHandler.appex; sourceTree = BUILT_PRODUCTS_DIR; };
		BD027D8F25451F0E00DDBE88 /* IntentHandler.swift */ = {isa = PBXFileReference; lastKnownFileType = sourcecode.swift; path = IntentHandler.swift; sourceTree = "<group>"; };
		BD027D9125451F0E00DDBE88 /* Info.plist */ = {isa = PBXFileReference; lastKnownFileType = text.plist.xml; path = Info.plist; sourceTree = "<group>"; };
		BD027DA525451FB700DDBE88 /* WeatherIntentHandler.entitlements */ = {isa = PBXFileReference; lastKnownFileType = text.plist.entitlements; path = WeatherIntentHandler.entitlements; sourceTree = "<group>"; };
		BD6859532527A1170062ADCC /* CurrentView.swift */ = {isa = PBXFileReference; lastKnownFileType = sourcecode.swift; path = CurrentView.swift; sourceTree = "<group>"; };
		BD777B4E2536CE870091D215 /* CurrentRespons.swift */ = {isa = PBXFileReference; lastKnownFileType = sourcecode.swift; path = CurrentRespons.swift; sourceTree = "<group>"; };
		BD777B522536CE9B0091D215 /* WeatherModel.swift */ = {isa = PBXFileReference; lastKnownFileType = sourcecode.swift; path = WeatherModel.swift; sourceTree = "<group>"; };
		BD777B562536CEA80091D215 /* DailyResponse.swift */ = {isa = PBXFileReference; lastKnownFileType = sourcecode.swift; path = DailyResponse.swift; sourceTree = "<group>"; };
		BD777B5A2536CEB60091D215 /* TemperatureModel.swift */ = {isa = PBXFileReference; lastKnownFileType = sourcecode.swift; path = TemperatureModel.swift; sourceTree = "<group>"; };
		BDA1DB782544B407009E8391 /* CurrentViewModel.swift */ = {isa = PBXFileReference; lastKnownFileType = sourcecode.swift; path = CurrentViewModel.swift; sourceTree = "<group>"; };
		BDA1DB822544B50E009E8391 /* HeaderView.swift */ = {isa = PBXFileReference; lastKnownFileType = sourcecode.swift; path = HeaderView.swift; sourceTree = "<group>"; };
		BDA1DB8B2544BA0F009E8391 /* String+Icon.swift */ = {isa = PBXFileReference; lastKnownFileType = sourcecode.swift; path = "String+Icon.swift"; sourceTree = "<group>"; };
		BDA1DB992544BC78009E8391 /* HourlyViewModel.swift */ = {isa = PBXFileReference; lastKnownFileType = sourcecode.swift; path = HourlyViewModel.swift; sourceTree = "<group>"; };
		BDAC53CC2522B3CE00BBD68D /* HourlyView.swift */ = {isa = PBXFileReference; lastKnownFileType = sourcecode.swift; path = HourlyView.swift; sourceTree = "<group>"; };
		BDAC53D02522B64A00BBD68D /* DailyView.swift */ = {isa = PBXFileReference; lastKnownFileType = sourcecode.swift; path = DailyView.swift; sourceTree = "<group>"; };
		BDAC53D32522EB6000BBD68D /* ConditionalModifier.swift */ = {isa = PBXFileReference; lastKnownFileType = sourcecode.swift; path = ConditionalModifier.swift; sourceTree = "<group>"; };
		BDAC53D62523A1ED00BBD68D /* SearchView.swift */ = {isa = PBXFileReference; lastKnownFileType = sourcecode.swift; path = SearchView.swift; sourceTree = "<group>"; };
		BDAC53D92523A4D600BBD68D /* UserInfo.swift */ = {isa = PBXFileReference; lastKnownFileType = sourcecode.swift; path = UserInfo.swift; sourceTree = "<group>"; };
		BDAC540C2524178500BBD68D /* WeatherWidgetExtension.appex */ = {isa = PBXFileReference; explicitFileType = "wrapper.app-extension"; includeInIndex = 0; path = WeatherWidgetExtension.appex; sourceTree = BUILT_PRODUCTS_DIR; };
		BDAC540E2524178500BBD68D /* WidgetKit.framework */ = {isa = PBXFileReference; lastKnownFileType = wrapper.framework; name = WidgetKit.framework; path = System/Library/Frameworks/WidgetKit.framework; sourceTree = SDKROOT; };
		BDAC54102524178500BBD68D /* SwiftUI.framework */ = {isa = PBXFileReference; lastKnownFileType = wrapper.framework; name = SwiftUI.framework; path = System/Library/Frameworks/SwiftUI.framework; sourceTree = SDKROOT; };
		BDAC54132524178500BBD68D /* WeatherWidget.swift */ = {isa = PBXFileReference; lastKnownFileType = sourcecode.swift; path = WeatherWidget.swift; sourceTree = "<group>"; };
		BDAC54152524178500BBD68D /* WeatherWidget.intentdefinition */ = {isa = PBXFileReference; lastKnownFileType = file.intentdefinition; path = WeatherWidget.intentdefinition; sourceTree = "<group>"; };
		BDAC54162524178A00BBD68D /* Assets.xcassets */ = {isa = PBXFileReference; lastKnownFileType = folder.assetcatalog; path = Assets.xcassets; sourceTree = "<group>"; };
		BDAC54182524178A00BBD68D /* Info.plist */ = {isa = PBXFileReference; lastKnownFileType = text.plist.xml; path = Info.plist; sourceTree = "<group>"; };
		BDAC54242524180A00BBD68D /* WidgetView.swift */ = {isa = PBXFileReference; lastKnownFileType = sourcecode.swift; path = WidgetView.swift; sourceTree = "<group>"; };
		BDAC543625241EC900BBD68D /* WidgetLocationManager.swift */ = {isa = PBXFileReference; lastKnownFileType = sourcecode.swift; path = WidgetLocationManager.swift; sourceTree = "<group>"; };
		BDBECCD12521A63400F176A3 /* Weather.app */ = {isa = PBXFileReference; explicitFileType = wrapper.application; includeInIndex = 0; path = Weather.app; sourceTree = BUILT_PRODUCTS_DIR; };
		BDBECCD42521A63400F176A3 /* WeatherApp.swift */ = {isa = PBXFileReference; lastKnownFileType = sourcecode.swift; path = WeatherApp.swift; sourceTree = "<group>"; };
		BDBECCD62521A63400F176A3 /* WeatherView.swift */ = {isa = PBXFileReference; lastKnownFileType = sourcecode.swift; path = WeatherView.swift; sourceTree = "<group>"; };
		BDBECCD82521A63600F176A3 /* Assets.xcassets */ = {isa = PBXFileReference; lastKnownFileType = folder.assetcatalog; path = Assets.xcassets; sourceTree = "<group>"; };
		BDBECCDB2521A63600F176A3 /* Preview Assets.xcassets */ = {isa = PBXFileReference; lastKnownFileType = folder.assetcatalog; path = "Preview Assets.xcassets"; sourceTree = "<group>"; };
		BDBECCDD2521A63600F176A3 /* Info.plist */ = {isa = PBXFileReference; lastKnownFileType = text.plist.xml; path = Info.plist; sourceTree = "<group>"; };
		BDBECCE42521AAE100F176A3 /* WeatherPublisher.swift */ = {isa = PBXFileReference; lastKnownFileType = sourcecode.swift; path = WeatherPublisher.swift; sourceTree = "<group>"; };
		BDBECCE72521AB4C00F176A3 /* OneCallResponse.swift */ = {isa = PBXFileReference; lastKnownFileType = sourcecode.swift; path = OneCallResponse.swift; sourceTree = "<group>"; };
		BDBECCEA2521AB8A00F176A3 /* API.swift */ = {isa = PBXFileReference; lastKnownFileType = sourcecode.swift; path = API.swift; sourceTree = "<group>"; };
		BDE39A3F25453AA00060D6C0 /* FileManager.swift */ = {isa = PBXFileReference; lastKnownFileType = sourcecode.swift; path = FileManager.swift; sourceTree = "<group>"; };
		BDEB18592544EC8F00B774D0 /* DailyViewModel.swift */ = {isa = PBXFileReference; lastKnownFileType = sourcecode.swift; path = DailyViewModel.swift; sourceTree = "<group>"; };
		BDF07CDD252992660031F488 /* Overview.swift */ = {isa = PBXFileReference; lastKnownFileType = sourcecode.swift; path = Overview.swift; sourceTree = "<group>"; };
		BDFD72EC2529A337002391F8 /* DetailLabelView.swift */ = {isa = PBXFileReference; lastKnownFileType = sourcecode.swift; path = DetailLabelView.swift; sourceTree = "<group>"; };
/* End PBXFileReference section */

/* Begin PBXFrameworksBuildPhase section */
		BD027D8A25451F0E00DDBE88 /* Frameworks */ = {
			isa = PBXFrameworksBuildPhase;
			buildActionMask = 2147483647;
			files = (
			);
			runOnlyForDeploymentPostprocessing = 0;
		};
		BDAC54092524178500BBD68D /* Frameworks */ = {
			isa = PBXFrameworksBuildPhase;
			buildActionMask = 2147483647;
			files = (
				BDAC54112524178500BBD68D /* SwiftUI.framework in Frameworks */,
				BDAC540F2524178500BBD68D /* WidgetKit.framework in Frameworks */,
			);
			runOnlyForDeploymentPostprocessing = 0;
		};
		BDBECCCE2521A63400F176A3 /* Frameworks */ = {
			isa = PBXFrameworksBuildPhase;
			buildActionMask = 2147483647;
			files = (
			);
			runOnlyForDeploymentPostprocessing = 0;
		};
/* End PBXFrameworksBuildPhase section */

/* Begin PBXGroup section */
		BD027D8E25451F0E00DDBE88 /* WeatherIntentHandler */ = {
			isa = PBXGroup;
			children = (
				BD027DA525451FB700DDBE88 /* WeatherIntentHandler.entitlements */,
				BD027D8F25451F0E00DDBE88 /* IntentHandler.swift */,
				BD027D9125451F0E00DDBE88 /* Info.plist */,
			);
			path = WeatherIntentHandler;
			sourceTree = "<group>";
		};
		BDA1DB772544B3EB009E8391 /* Publishers */ = {
			isa = PBXGroup;
			children = (
				BDAC53D92523A4D600BBD68D /* UserInfo.swift */,
				BDBECCE42521AAE100F176A3 /* WeatherPublisher.swift */,
				BD005C512536C87900116FC6 /* SearchManager.swift */,
			);
			path = Publishers;
			sourceTree = "<group>";
		};
		BDAC540D2524178500BBD68D /* Frameworks */ = {
			isa = PBXGroup;
			children = (
				BDAC540E2524178500BBD68D /* WidgetKit.framework */,
				BDAC54102524178500BBD68D /* SwiftUI.framework */,
				BD027D1B25451C7C00DDBE88 /* IntentsUI.framework */,
			);
			name = Frameworks;
			sourceTree = "<group>";
		};
		BDAC54122524178500BBD68D /* WeatherWidget */ = {
			isa = PBXGroup;
			children = (
				BDAC54132524178500BBD68D /* WeatherWidget.swift */,
				BDAC54242524180A00BBD68D /* WidgetView.swift */,
				BDAC543625241EC900BBD68D /* WidgetLocationManager.swift */,
				BD027D0425451B3000DDBE88 /* DyanamicLocation.intentdefinition */,
				BDAC54152524178500BBD68D /* WeatherWidget.intentdefinition */,
				BDAC54162524178A00BBD68D /* Assets.xcassets */,
				BDAC54182524178A00BBD68D /* Info.plist */,
			);
			path = WeatherWidget;
			sourceTree = "<group>";
		};
		BDBECCC82521A63300F176A3 = {
			isa = PBXGroup;
			children = (
				BD027CDA2544F44E00DDBE88 /* WeatherWidgetExtension.entitlements */,
				BDBECCD32521A63400F176A3 /* Weather */,
				BDAC54122524178500BBD68D /* WeatherWidget */,
				BD027D8E25451F0E00DDBE88 /* WeatherIntentHandler */,
				BDAC540D2524178500BBD68D /* Frameworks */,
				BDBECCD22521A63400F176A3 /* Products */,
			);
			sourceTree = "<group>";
		};
		BDBECCD22521A63400F176A3 /* Products */ = {
			isa = PBXGroup;
			children = (
				BDBECCD12521A63400F176A3 /* Weather.app */,
				BDAC540C2524178500BBD68D /* WeatherWidgetExtension.appex */,
				BD027D8D25451F0E00DDBE88 /* WeatherIntentHandler.appex */,
			);
			name = Products;
			sourceTree = "<group>";
		};
		BDBECCD32521A63400F176A3 /* Weather */ = {
			isa = PBXGroup;
			children = (
				BD027CD72544F43500DDBE88 /* Weather.entitlements */,
				BDBECCD42521A63400F176A3 /* WeatherApp.swift */,
				BDC9A4002526EAB900811780 /* Networking */,
				BDA1DB772544B3EB009E8391 /* Publishers */,
				BDC9A3FD2526EA8600811780 /* Views */,
				BDC9A3FC2526EA7900811780 /* View Model */,
				BDC9A3FF2526EAAA00811780 /* Helpers */,
				BDBECCD82521A63600F176A3 /* Assets.xcassets */,
				BDBECCDD2521A63600F176A3 /* Info.plist */,
				BDBECCDA2521A63600F176A3 /* Preview Content */,
			);
			path = Weather;
			sourceTree = "<group>";
		};
		BDBECCDA2521A63600F176A3 /* Preview Content */ = {
			isa = PBXGroup;
			children = (
				BDBECCDB2521A63600F176A3 /* Preview Assets.xcassets */,
			);
			path = "Preview Content";
			sourceTree = "<group>";
		};
		BDC9A3FC2526EA7900811780 /* View Model */ = {
			isa = PBXGroup;
			children = (
				BDA1DB782544B407009E8391 /* CurrentViewModel.swift */,
				BDA1DB992544BC78009E8391 /* HourlyViewModel.swift */,
				BDEB18592544EC8F00B774D0 /* DailyViewModel.swift */,
				BD027CFF2545023300DDBE88 /* BackgroundViewModel.swift */,
			);
			path = "View Model";
			sourceTree = "<group>";
		};
		BDC9A3FD2526EA8600811780 /* Views */ = {
			isa = PBXGroup;
			children = (
				BDBECCD62521A63400F176A3 /* WeatherView.swift */,
				BDA1DB822544B50E009E8391 /* HeaderView.swift */,
				BD6859532527A1170062ADCC /* CurrentView.swift */,
				BDAC53CC2522B3CE00BBD68D /* HourlyView.swift */,
				BDAC53D02522B64A00BBD68D /* DailyView.swift */,
				BDF07CDD252992660031F488 /* Overview.swift */,
				BDAC53D62523A1ED00BBD68D /* SearchView.swift */,
				BDFD72EC2529A337002391F8 /* DetailLabelView.swift */,
				BD027CCB2544F30A00DDBE88 /* BackgroundView.swift */,
			);
			path = Views;
			sourceTree = "<group>";
		};
		BDC9A3FE2526EA8B00811780 /* Model */ = {
			isa = PBXGroup;
			children = (
				BDBECCE72521AB4C00F176A3 /* OneCallResponse.swift */,
				BD777B4E2536CE870091D215 /* CurrentRespons.swift */,
				BD027CE32544F93C00DDBE88 /* HourlyResponse.swift */,
				BD777B562536CEA80091D215 /* DailyResponse.swift */,
				BD777B522536CE9B0091D215 /* WeatherModel.swift */,
				BD777B5A2536CEB60091D215 /* TemperatureModel.swift */,
			);
			path = Model;
			sourceTree = "<group>";
		};
		BDC9A3FF2526EAAA00811780 /* Helpers */ = {
			isa = PBXGroup;
			children = (
				BDAC53D32522EB6000BBD68D /* ConditionalModifier.swift */,
				BDA1DB8B2544BA0F009E8391 /* String+Icon.swift */,
				BD027CC72544F29600DDBE88 /* Colors.swift */,
				BD027CF62544FCED00DDBE88 /* View+ScaledFont.swift */,
				BDE39A3F25453AA00060D6C0 /* FileManager.swift */,
			);
			path = Helpers;
			sourceTree = "<group>";
		};
		BDC9A4002526EAB900811780 /* Networking */ = {
			isa = PBXGroup;
			children = (
				BDBECCEA2521AB8A00F176A3 /* API.swift */,
				BDC9A3FE2526EA8B00811780 /* Model */,
			);
			path = Networking;
			sourceTree = "<group>";
		};
/* End PBXGroup section */

/* Begin PBXNativeTarget section */
		BD027D8C25451F0E00DDBE88 /* WeatherIntentHandler */ = {
			isa = PBXNativeTarget;
			buildConfigurationList = BD027D9525451F0E00DDBE88 /* Build configuration list for PBXNativeTarget "WeatherIntentHandler" */;
			buildPhases = (
				BD027D8925451F0E00DDBE88 /* Sources */,
				BD027D8A25451F0E00DDBE88 /* Frameworks */,
				BD027D8B25451F0E00DDBE88 /* Resources */,
			);
			buildRules = (
			);
			dependencies = (
			);
			name = WeatherIntentHandler;
			productName = WeatherIntentHandler;
			productReference = BD027D8D25451F0E00DDBE88 /* WeatherIntentHandler.appex */;
			productType = "com.apple.product-type.app-extension";
		};
		BDAC540B2524178500BBD68D /* WeatherWidgetExtension */ = {
			isa = PBXNativeTarget;
			buildConfigurationList = BDAC541E2524178A00BBD68D /* Build configuration list for PBXNativeTarget "WeatherWidgetExtension" */;
			buildPhases = (
				BDAC54082524178500BBD68D /* Sources */,
				BDAC54092524178500BBD68D /* Frameworks */,
				BDAC540A2524178500BBD68D /* Resources */,
			);
			buildRules = (
			);
			dependencies = (
			);
			name = WeatherWidgetExtension;
			productName = WeatherWidgetExtension;
			productReference = BDAC540C2524178500BBD68D /* WeatherWidgetExtension.appex */;
			productType = "com.apple.product-type.app-extension";
		};
		BDBECCD02521A63400F176A3 /* Weather */ = {
			isa = PBXNativeTarget;
			buildConfigurationList = BDBECCE02521A63600F176A3 /* Build configuration list for PBXNativeTarget "Weather" */;
			buildPhases = (
				BDBECCCD2521A63400F176A3 /* Sources */,
				BDBECCCE2521A63400F176A3 /* Frameworks */,
				BDBECCCF2521A63400F176A3 /* Resources */,
				BDAC54212524178A00BBD68D /* Embed App Extensions */,
			);
			buildRules = (
			);
			dependencies = (
				BDAC541C2524178A00BBD68D /* PBXTargetDependency */,
				BD027D9325451F0E00DDBE88 /* PBXTargetDependency */,
			);
			name = Weather;
			productName = Weather;
			productReference = BDBECCD12521A63400F176A3 /* Weather.app */;
			productType = "com.apple.product-type.application";
		};
/* End PBXNativeTarget section */

/* Begin PBXProject section */
		BDBECCC92521A63400F176A3 /* Project object */ = {
			isa = PBXProject;
			attributes = {
				LastSwiftUpdateCheck = 1200;
				LastUpgradeCheck = 1200;
				TargetAttributes = {
					BD027D8C25451F0E00DDBE88 = {
						CreatedOnToolsVersion = 12.0.1;
					};
					BDAC540B2524178500BBD68D = {
						CreatedOnToolsVersion = 12.0;
					};
					BDBECCD02521A63400F176A3 = {
						CreatedOnToolsVersion = 12.0;
					};
				};
			};
			buildConfigurationList = BDBECCCC2521A63400F176A3 /* Build configuration list for PBXProject "Weather" */;
			compatibilityVersion = "Xcode 9.3";
			developmentRegion = en;
			hasScannedForEncodings = 0;
			knownRegions = (
				en,
				Base,
			);
			mainGroup = BDBECCC82521A63300F176A3;
			productRefGroup = BDBECCD22521A63400F176A3 /* Products */;
			projectDirPath = "";
			projectRoot = "";
			targets = (
				BDBECCD02521A63400F176A3 /* Weather */,
				BDAC540B2524178500BBD68D /* WeatherWidgetExtension */,
				BD027D8C25451F0E00DDBE88 /* WeatherIntentHandler */,
			);
		};
/* End PBXProject section */

/* Begin PBXResourcesBuildPhase section */
		BD027D8B25451F0E00DDBE88 /* Resources */ = {
			isa = PBXResourcesBuildPhase;
			buildActionMask = 2147483647;
			files = (
			);
			runOnlyForDeploymentPostprocessing = 0;
		};
		BDAC540A2524178500BBD68D /* Resources */ = {
			isa = PBXResourcesBuildPhase;
			buildActionMask = 2147483647;
			files = (
				BD027CC42544F25400DDBE88 /* Assets.xcassets in Resources */,
				BDAC54172524178A00BBD68D /* Assets.xcassets in Resources */,
			);
			runOnlyForDeploymentPostprocessing = 0;
		};
		BDBECCCF2521A63400F176A3 /* Resources */ = {
			isa = PBXResourcesBuildPhase;
			buildActionMask = 2147483647;
			files = (
				BDBECCDC2521A63600F176A3 /* Preview Assets.xcassets in Resources */,
				BDBECCD92521A63600F176A3 /* Assets.xcassets in Resources */,
			);
			runOnlyForDeploymentPostprocessing = 0;
		};
/* End PBXResourcesBuildPhase section */

/* Begin PBXSourcesBuildPhase section */
		BD027D8925451F0E00DDBE88 /* Sources */ = {
			isa = PBXSourcesBuildPhase;
			buildActionMask = 2147483647;
			files = (
				BD027D9025451F0E00DDBE88 /* IntentHandler.swift in Sources */,
				BD027DA925451FFA00DDBE88 /* UserInfo.swift in Sources */,
				BDE39A4825453AB50060D6C0 /* FileManager.swift in Sources */,
				BD2EF7A2254544A900DA37DE /* DyanamicLocation.intentdefinition in Sources */,
			);
			runOnlyForDeploymentPostprocessing = 0;
		};
		BDAC54082524178500BBD68D /* Sources */ = {
			isa = PBXSourcesBuildPhase;
			buildActionMask = 2147483647;
			files = (
				BD027CD22544F33300DDBE88 /* BackgroundView.swift in Sources */,
				BDAC542C2524199C00BBD68D /* HourlyView.swift in Sources */,
				BDAC54282524198800BBD68D /* WidgetView.swift in Sources */,
				BDAC54322524199C00BBD68D /* DailyView.swift in Sources */,
				BDFD72E62529A1E1002391F8 /* Overview.swift in Sources */,
				BDA1DB8F2544BA73009E8391 /* CurrentViewModel.swift in Sources */,
				BDAC543A25241EFB00BBD68D /* WidgetLocationManager.swift in Sources */,
				BDAC542B2524199C00BBD68D /* WeatherPublisher.swift in Sources */,
				BDA1DB9D2544BC7C009E8391 /* HourlyViewModel.swift in Sources */,
				BDAC54332524199C00BBD68D /* SearchView.swift in Sources */,
				BDAC54142524178500BBD68D /* WeatherWidget.swift in Sources */,
				BDAC54302524199C00BBD68D /* OneCallResponse.swift in Sources */,
				BD777B602536CEC40091D215 /* DailyResponse.swift in Sources */,
				BD027CF32544F9AF00DDBE88 /* HourlyResponse.swift in Sources */,
				BDAC54312524199C00BBD68D /* WeatherView.swift in Sources */,
				BDA1DB922544BA97009E8391 /* String+Icon.swift in Sources */,
				BD2EF79E2545449F00DA37DE /* DyanamicLocation.intentdefinition in Sources */,
				BD005C572536C8E900116FC6 /* SearchManager.swift in Sources */,
				BDE39A4425453AB50060D6C0 /* FileManager.swift in Sources */,
				BDAC542D2524199C00BBD68D /* API.swift in Sources */,
				BDEB185B2544EC8F00B774D0 /* DailyViewModel.swift in Sources */,
				BDA1DB882544B552009E8391 /* HeaderView.swift in Sources */,
				BDAC542E2524199C00BBD68D /* UserInfo.swift in Sources */,
				BDAC54192524178A00BBD68D /* WeatherWidget.intentdefinition in Sources */,
				BD027D012545023400DDBE88 /* BackgroundViewModel.swift in Sources */,
				BD027CFA2544FD0F00DDBE88 /* View+ScaledFont.swift in Sources */,
				BD777B5F2536CEC40091D215 /* TemperatureModel.swift in Sources */,
				BD027CCF2544F32E00DDBE88 /* Colors.swift in Sources */,
				BD777B5E2536CEC40091D215 /* WeatherModel.swift in Sources */,
				BDFD72E92529A1E8002391F8 /* CurrentView.swift in Sources */,
				BD777B612536CEC40091D215 /* CurrentRespons.swift in Sources */,
				BD3C6E482545216700953910 /* IntentHandler.swift in Sources */,
				BDAC542F2524199C00BBD68D /* ConditionalModifier.swift in Sources */,
			);
			runOnlyForDeploymentPostprocessing = 0;
		};
		BDBECCCD2521A63400F176A3 /* Sources */ = {
			isa = PBXSourcesBuildPhase;
			buildActionMask = 2147483647;
			files = (
				BDBECCD72521A63400F176A3 /* WeatherView.swift in Sources */,
				BD027D0525451B3000DDBE88 /* DyanamicLocation.intentdefinition in Sources */,
				BDAC53D72523A1ED00BBD68D /* SearchView.swift in Sources */,
				BD777B572536CEA80091D215 /* DailyResponse.swift in Sources */,
				BDBECCD52521A63400F176A3 /* WeatherApp.swift in Sources */,
				BDA1DB792544B407009E8391 /* CurrentViewModel.swift in Sources */,
				BDAC543725241ECA00BBD68D /* WidgetLocationManager.swift in Sources */,
				BDAC541A2524178A00BBD68D /* WeatherWidget.intentdefinition in Sources */,
				BDBECCE82521AB4C00F176A3 /* OneCallResponse.swift in Sources */,
				BDAC53CD2522B3CE00BBD68D /* HourlyView.swift in Sources */,
				BDAC54252524180A00BBD68D /* WidgetView.swift in Sources */,
				BD027CCC2544F30A00DDBE88 /* BackgroundView.swift in Sources */,
				BD027CC82544F29600DDBE88 /* Colors.swift in Sources */,
				BDAC53D12522B64A00BBD68D /* DailyView.swift in Sources */,
				BDBECCE52521AAE100F176A3 /* WeatherPublisher.swift in Sources */,
				BD777B5B2536CEB60091D215 /* TemperatureModel.swift in Sources */,
				BD777B4F2536CE870091D215 /* CurrentRespons.swift in Sources */,
				BDE39A4025453AA00060D6C0 /* FileManager.swift in Sources */,
				BD777B532536CE9B0091D215 /* WeatherModel.swift in Sources */,
				BD027D002545023400DDBE88 /* BackgroundViewModel.swift in Sources */,
				BD027CF72544FCED00DDBE88 /* View+ScaledFont.swift in Sources */,
				BDBECCEB2521AB8A00F176A3 /* API.swift in Sources */,
				BD027CE42544F93C00DDBE88 /* HourlyResponse.swift in Sources */,
				BD6859542527A1170062ADCC /* CurrentView.swift in Sources */,
				BDAC53DA2523A4D600BBD68D /* UserInfo.swift in Sources */,
				BDF07CDE252992660031F488 /* Overview.swift in Sources */,
				BDFD72ED2529A337002391F8 /* DetailLabelView.swift in Sources */,
				BD005C522536C87900116FC6 /* SearchManager.swift in Sources */,
				BDA1DB832544B50E009E8391 /* HeaderView.swift in Sources */,
				BDEB185A2544EC8F00B774D0 /* DailyViewModel.swift in Sources */,
				BDAC53D42522EB6000BBD68D /* ConditionalModifier.swift in Sources */,
				BDA1DB8C2544BA10009E8391 /* String+Icon.swift in Sources */,
				BD3C6E4C2545216800953910 /* IntentHandler.swift in Sources */,
				BDA1DB9A2544BC78009E8391 /* HourlyViewModel.swift in Sources */,
			);
			runOnlyForDeploymentPostprocessing = 0;
		};
/* End PBXSourcesBuildPhase section */

/* Begin PBXTargetDependency section */
		BD027D9325451F0E00DDBE88 /* PBXTargetDependency */ = {
			isa = PBXTargetDependency;
			target = BD027D8C25451F0E00DDBE88 /* WeatherIntentHandler */;
			targetProxy = BD027D9225451F0E00DDBE88 /* PBXContainerItemProxy */;
		};
		BDAC541C2524178A00BBD68D /* PBXTargetDependency */ = {
			isa = PBXTargetDependency;
			target = BDAC540B2524178500BBD68D /* WeatherWidgetExtension */;
			targetProxy = BDAC541B2524178A00BBD68D /* PBXContainerItemProxy */;
		};
/* End PBXTargetDependency section */

/* Begin XCBuildConfiguration section */
		BD027D9625451F0E00DDBE88 /* Debug */ = {
			isa = XCBuildConfiguration;
			buildSettings = {
				CODE_SIGN_ENTITLEMENTS = WeatherIntentHandler/WeatherIntentHandler.entitlements;
				CODE_SIGN_STYLE = Automatic;
				DEVELOPMENT_TEAM = Q9PPH2T3L2;
				INFOPLIST_FILE = WeatherIntentHandler/Info.plist;
				LD_RUNPATH_SEARCH_PATHS = (
					"$(inherited)",
					"@executable_path/Frameworks",
					"@executable_path/../../Frameworks",
				);
				PRODUCT_BUNDLE_IDENTIFIER = com.samrshi.Weather.WeatherIntentHandler;
				PRODUCT_NAME = "$(TARGET_NAME)";
				SKIP_INSTALL = YES;
				SWIFT_VERSION = 5.0;
				TARGETED_DEVICE_FAMILY = "1,2";
			};
			name = Debug;
		};
		BD027D9725451F0E00DDBE88 /* Release */ = {
			isa = XCBuildConfiguration;
			buildSettings = {
				CODE_SIGN_ENTITLEMENTS = WeatherIntentHandler/WeatherIntentHandler.entitlements;
				CODE_SIGN_STYLE = Automatic;
				DEVELOPMENT_TEAM = Q9PPH2T3L2;
				INFOPLIST_FILE = WeatherIntentHandler/Info.plist;
				LD_RUNPATH_SEARCH_PATHS = (
					"$(inherited)",
					"@executable_path/Frameworks",
					"@executable_path/../../Frameworks",
				);
				PRODUCT_BUNDLE_IDENTIFIER = com.samrshi.Weather.WeatherIntentHandler;
				PRODUCT_NAME = "$(TARGET_NAME)";
				SKIP_INSTALL = YES;
				SWIFT_VERSION = 5.0;
				TARGETED_DEVICE_FAMILY = "1,2";
			};
			name = Release;
		};
		BDAC541F2524178A00BBD68D /* Debug */ = {
			isa = XCBuildConfiguration;
			buildSettings = {
				ASSETCATALOG_COMPILER_GLOBAL_ACCENT_COLOR_NAME = AccentColor;
				ASSETCATALOG_COMPILER_WIDGET_BACKGROUND_COLOR_NAME = WidgetBackground;
				CODE_SIGN_ENTITLEMENTS = WeatherWidgetExtension.entitlements;
				CODE_SIGN_STYLE = Automatic;
				DEVELOPMENT_TEAM = Q9PPH2T3L2;
				INFOPLIST_FILE = WeatherWidget/Info.plist;
				LD_RUNPATH_SEARCH_PATHS = (
					"$(inherited)",
					"@executable_path/Frameworks",
					"@executable_path/../../Frameworks",
				);
				PRODUCT_BUNDLE_IDENTIFIER = com.samrshi.Weather.WeatherWidget;
				PRODUCT_NAME = "$(TARGET_NAME)";
				SKIP_INSTALL = YES;
				SWIFT_VERSION = 5.0;
				TARGETED_DEVICE_FAMILY = "1,2";
			};
			name = Debug;
		};
		BDAC54202524178A00BBD68D /* Release */ = {
			isa = XCBuildConfiguration;
			buildSettings = {
				ASSETCATALOG_COMPILER_GLOBAL_ACCENT_COLOR_NAME = AccentColor;
				ASSETCATALOG_COMPILER_WIDGET_BACKGROUND_COLOR_NAME = WidgetBackground;
				CODE_SIGN_ENTITLEMENTS = WeatherWidgetExtension.entitlements;
				CODE_SIGN_STYLE = Automatic;
				DEVELOPMENT_TEAM = Q9PPH2T3L2;
				INFOPLIST_FILE = WeatherWidget/Info.plist;
				LD_RUNPATH_SEARCH_PATHS = (
					"$(inherited)",
					"@executable_path/Frameworks",
					"@executable_path/../../Frameworks",
				);
				PRODUCT_BUNDLE_IDENTIFIER = com.samrshi.Weather.WeatherWidget;
				PRODUCT_NAME = "$(TARGET_NAME)";
				SKIP_INSTALL = YES;
				SWIFT_VERSION = 5.0;
				TARGETED_DEVICE_FAMILY = "1,2";
			};
			name = Release;
		};
		BDBECCDE2521A63600F176A3 /* Debug */ = {
			isa = XCBuildConfiguration;
			buildSettings = {
				ALWAYS_SEARCH_USER_PATHS = NO;
				CLANG_ANALYZER_NONNULL = YES;
				CLANG_ANALYZER_NUMBER_OBJECT_CONVERSION = YES_AGGRESSIVE;
				CLANG_CXX_LANGUAGE_STANDARD = "gnu++14";
				CLANG_CXX_LIBRARY = "libc++";
				CLANG_ENABLE_MODULES = YES;
				CLANG_ENABLE_OBJC_ARC = YES;
				CLANG_ENABLE_OBJC_WEAK = YES;
				CLANG_WARN_BLOCK_CAPTURE_AUTORELEASING = YES;
				CLANG_WARN_BOOL_CONVERSION = YES;
				CLANG_WARN_COMMA = YES;
				CLANG_WARN_CONSTANT_CONVERSION = YES;
				CLANG_WARN_DEPRECATED_OBJC_IMPLEMENTATIONS = YES;
				CLANG_WARN_DIRECT_OBJC_ISA_USAGE = YES_ERROR;
				CLANG_WARN_DOCUMENTATION_COMMENTS = YES;
				CLANG_WARN_EMPTY_BODY = YES;
				CLANG_WARN_ENUM_CONVERSION = YES;
				CLANG_WARN_INFINITE_RECURSION = YES;
				CLANG_WARN_INT_CONVERSION = YES;
				CLANG_WARN_NON_LITERAL_NULL_CONVERSION = YES;
				CLANG_WARN_OBJC_IMPLICIT_RETAIN_SELF = YES;
				CLANG_WARN_OBJC_LITERAL_CONVERSION = YES;
				CLANG_WARN_OBJC_ROOT_CLASS = YES_ERROR;
				CLANG_WARN_QUOTED_INCLUDE_IN_FRAMEWORK_HEADER = YES;
				CLANG_WARN_RANGE_LOOP_ANALYSIS = YES;
				CLANG_WARN_STRICT_PROTOTYPES = YES;
				CLANG_WARN_SUSPICIOUS_MOVE = YES;
				CLANG_WARN_UNGUARDED_AVAILABILITY = YES_AGGRESSIVE;
				CLANG_WARN_UNREACHABLE_CODE = YES;
				CLANG_WARN__DUPLICATE_METHOD_MATCH = YES;
				COPY_PHASE_STRIP = NO;
				DEBUG_INFORMATION_FORMAT = dwarf;
				ENABLE_STRICT_OBJC_MSGSEND = YES;
				ENABLE_TESTABILITY = YES;
				GCC_C_LANGUAGE_STANDARD = gnu11;
				GCC_DYNAMIC_NO_PIC = NO;
				GCC_NO_COMMON_BLOCKS = YES;
				GCC_OPTIMIZATION_LEVEL = 0;
				GCC_PREPROCESSOR_DEFINITIONS = (
					"DEBUG=1",
					"$(inherited)",
				);
				GCC_WARN_64_TO_32_BIT_CONVERSION = YES;
				GCC_WARN_ABOUT_RETURN_TYPE = YES_ERROR;
				GCC_WARN_UNDECLARED_SELECTOR = YES;
				GCC_WARN_UNINITIALIZED_AUTOS = YES_AGGRESSIVE;
				GCC_WARN_UNUSED_FUNCTION = YES;
				GCC_WARN_UNUSED_VARIABLE = YES;
				IPHONEOS_DEPLOYMENT_TARGET = 14.0;
				MTL_ENABLE_DEBUG_INFO = INCLUDE_SOURCE;
				MTL_FAST_MATH = YES;
				ONLY_ACTIVE_ARCH = YES;
				SDKROOT = iphoneos;
				SWIFT_ACTIVE_COMPILATION_CONDITIONS = DEBUG;
				SWIFT_OPTIMIZATION_LEVEL = "-Onone";
			};
			name = Debug;
		};
		BDBECCDF2521A63600F176A3 /* Release */ = {
			isa = XCBuildConfiguration;
			buildSettings = {
				ALWAYS_SEARCH_USER_PATHS = NO;
				CLANG_ANALYZER_NONNULL = YES;
				CLANG_ANALYZER_NUMBER_OBJECT_CONVERSION = YES_AGGRESSIVE;
				CLANG_CXX_LANGUAGE_STANDARD = "gnu++14";
				CLANG_CXX_LIBRARY = "libc++";
				CLANG_ENABLE_MODULES = YES;
				CLANG_ENABLE_OBJC_ARC = YES;
				CLANG_ENABLE_OBJC_WEAK = YES;
				CLANG_WARN_BLOCK_CAPTURE_AUTORELEASING = YES;
				CLANG_WARN_BOOL_CONVERSION = YES;
				CLANG_WARN_COMMA = YES;
				CLANG_WARN_CONSTANT_CONVERSION = YES;
				CLANG_WARN_DEPRECATED_OBJC_IMPLEMENTATIONS = YES;
				CLANG_WARN_DIRECT_OBJC_ISA_USAGE = YES_ERROR;
				CLANG_WARN_DOCUMENTATION_COMMENTS = YES;
				CLANG_WARN_EMPTY_BODY = YES;
				CLANG_WARN_ENUM_CONVERSION = YES;
				CLANG_WARN_INFINITE_RECURSION = YES;
				CLANG_WARN_INT_CONVERSION = YES;
				CLANG_WARN_NON_LITERAL_NULL_CONVERSION = YES;
				CLANG_WARN_OBJC_IMPLICIT_RETAIN_SELF = YES;
				CLANG_WARN_OBJC_LITERAL_CONVERSION = YES;
				CLANG_WARN_OBJC_ROOT_CLASS = YES_ERROR;
				CLANG_WARN_QUOTED_INCLUDE_IN_FRAMEWORK_HEADER = YES;
				CLANG_WARN_RANGE_LOOP_ANALYSIS = YES;
				CLANG_WARN_STRICT_PROTOTYPES = YES;
				CLANG_WARN_SUSPICIOUS_MOVE = YES;
				CLANG_WARN_UNGUARDED_AVAILABILITY = YES_AGGRESSIVE;
				CLANG_WARN_UNREACHABLE_CODE = YES;
				CLANG_WARN__DUPLICATE_METHOD_MATCH = YES;
				COPY_PHASE_STRIP = NO;
				DEBUG_INFORMATION_FORMAT = "dwarf-with-dsym";
				ENABLE_NS_ASSERTIONS = NO;
				ENABLE_STRICT_OBJC_MSGSEND = YES;
				GCC_C_LANGUAGE_STANDARD = gnu11;
				GCC_NO_COMMON_BLOCKS = YES;
				GCC_WARN_64_TO_32_BIT_CONVERSION = YES;
				GCC_WARN_ABOUT_RETURN_TYPE = YES_ERROR;
				GCC_WARN_UNDECLARED_SELECTOR = YES;
				GCC_WARN_UNINITIALIZED_AUTOS = YES_AGGRESSIVE;
				GCC_WARN_UNUSED_FUNCTION = YES;
				GCC_WARN_UNUSED_VARIABLE = YES;
				IPHONEOS_DEPLOYMENT_TARGET = 14.0;
				MTL_ENABLE_DEBUG_INFO = NO;
				MTL_FAST_MATH = YES;
				SDKROOT = iphoneos;
				SWIFT_COMPILATION_MODE = wholemodule;
				SWIFT_OPTIMIZATION_LEVEL = "-O";
				VALIDATE_PRODUCT = YES;
			};
			name = Release;
		};
		BDBECCE12521A63600F176A3 /* Debug */ = {
			isa = XCBuildConfiguration;
			buildSettings = {
				ALWAYS_EMBED_SWIFT_STANDARD_LIBRARIES = YES;
				ASSETCATALOG_COMPILER_APPICON_NAME = AppIcon;
				ASSETCATALOG_COMPILER_GLOBAL_ACCENT_COLOR_NAME = AccentColor;
				CODE_SIGN_ENTITLEMENTS = Weather/Weather.entitlements;
				CODE_SIGN_STYLE = Automatic;
				DEVELOPMENT_ASSET_PATHS = "\"Weather/Preview Content\"";
				DEVELOPMENT_TEAM = Q9PPH2T3L2;
				ENABLE_PREVIEWS = YES;
				INFOPLIST_FILE = Weather/Info.plist;
				IPHONEOS_DEPLOYMENT_TARGET = 14.0;
				LD_RUNPATH_SEARCH_PATHS = (
					"$(inherited)",
					"@executable_path/Frameworks",
				);
				PRODUCT_BUNDLE_IDENTIFIER = com.samrshi.Weather;
				PRODUCT_NAME = "$(TARGET_NAME)";
				SWIFT_VERSION = 5.0;
				TARGETED_DEVICE_FAMILY = "1,2";
			};
			name = Debug;
		};
		BDBECCE22521A63600F176A3 /* Release */ = {
			isa = XCBuildConfiguration;
			buildSettings = {
				ALWAYS_EMBED_SWIFT_STANDARD_LIBRARIES = YES;
				ASSETCATALOG_COMPILER_APPICON_NAME = AppIcon;
				ASSETCATALOG_COMPILER_GLOBAL_ACCENT_COLOR_NAME = AccentColor;
				CODE_SIGN_ENTITLEMENTS = Weather/Weather.entitlements;
				CODE_SIGN_STYLE = Automatic;
				DEVELOPMENT_ASSET_PATHS = "\"Weather/Preview Content\"";
				DEVELOPMENT_TEAM = Q9PPH2T3L2;
				ENABLE_PREVIEWS = YES;
				INFOPLIST_FILE = Weather/Info.plist;
				IPHONEOS_DEPLOYMENT_TARGET = 14.0;
				LD_RUNPATH_SEARCH_PATHS = (
					"$(inherited)",
					"@executable_path/Frameworks",
				);
				PRODUCT_BUNDLE_IDENTIFIER = com.samrshi.Weather;
				PRODUCT_NAME = "$(TARGET_NAME)";
				SWIFT_VERSION = 5.0;
				TARGETED_DEVICE_FAMILY = "1,2";
			};
			name = Release;
		};
/* End XCBuildConfiguration section */

/* Begin XCConfigurationList section */
		BD027D9525451F0E00DDBE88 /* Build configuration list for PBXNativeTarget "WeatherIntentHandler" */ = {
			isa = XCConfigurationList;
			buildConfigurations = (
				BD027D9625451F0E00DDBE88 /* Debug */,
				BD027D9725451F0E00DDBE88 /* Release */,
			);
			defaultConfigurationIsVisible = 0;
			defaultConfigurationName = Release;
		};
		BDAC541E2524178A00BBD68D /* Build configuration list for PBXNativeTarget "WeatherWidgetExtension" */ = {
			isa = XCConfigurationList;
			buildConfigurations = (
				BDAC541F2524178A00BBD68D /* Debug */,
				BDAC54202524178A00BBD68D /* Release */,
			);
			defaultConfigurationIsVisible = 0;
			defaultConfigurationName = Release;
		};
		BDBECCCC2521A63400F176A3 /* Build configuration list for PBXProject "Weather" */ = {
			isa = XCConfigurationList;
			buildConfigurations = (
				BDBECCDE2521A63600F176A3 /* Debug */,
				BDBECCDF2521A63600F176A3 /* Release */,
			);
			defaultConfigurationIsVisible = 0;
			defaultConfigurationName = Release;
		};
		BDBECCE02521A63600F176A3 /* Build configuration list for PBXNativeTarget "Weather" */ = {
			isa = XCConfigurationList;
			buildConfigurations = (
				BDBECCE12521A63600F176A3 /* Debug */,
				BDBECCE22521A63600F176A3 /* Release */,
			);
			defaultConfigurationIsVisible = 0;
			defaultConfigurationName = Release;
		};
/* End XCConfigurationList section */
	};
	rootObject = BDBECCC92521A63400F176A3 /* Project object */;
}
